
Microsoft Visual Studio Solution File, Format Version 12.00
# Visual Studio 15
VisualStudioVersion = 15.0.28307.1082
MinimumVisualStudioVersion = 10.0.40219.1
Project("{FAE04EC0-301F-11D3-BF4B-00C04F79EFBC}") = "Workaround", "Workaround\Workaround.csproj", "{92525E90-0F16-463C-AE79-AAA239AD4579}"
EndProject
Global
	GlobalSection(SolutionConfigurationPlatforms) = preSolution
		Debug|Any CPU = Debug|Any CPU
		Release|Any CPU = Release|Any CPU
	EndGlobalSection
	GlobalSection(ProjectConfigurationPlatforms) = postSolution
		{92525E90-0F16-463C-AE79-AAA239AD4579}.Debug|Any CPU.ActiveCfg = Debug|Any CPU
		{92525E90-0F16-463C-AE79-AAA239AD4579}.Debug|Any CPU.Build.0 = Debug|Any CPU
		{92525E90-0F16-463C-AE79-AAA239AD4579}.Release|Any CPU.ActiveCfg = Release|Any CPU
		{92525E90-0F16-463C-AE79-AAA239AD4579}.Release|Any CPU.Build.0 = Release|Any CPU
	EndGlobalSection
	GlobalSection(SolutionProperties) = preSolution
		HideSolutionNode = FALSE
	EndGlobalSection
	GlobalSection(ExtensibilityGlobals) = postSolution
		SolutionGuid = {B07BD818-C6A9-4A57-99CC-873D94369F0B}
	EndGlobalSection
EndGlobal
